{
  "originHash" : "dcea3fc2d80b68eaf67755aa10f8e738b655eeb6a165aff0f888f36177206f6d",
  "pins" : [
    {
      "identity" : "spatialgestures",
      "kind" : "remoteSourceControl",
      "location" : "https://github.com/lazygunner/SpatialGestures",
      "state" : {
        "branch" : "main",
        "revision" : "956aa2a2e6b895be89d1ea6c6b2e55cbe4a7e69b"
      }
    }
  ],
  "version" : 3
}
