// !$*UTF8*$!
{
	archiveVersion = 1;
	classes = {
	};
	objectVersion = 77;
	objects = {

/* Begin PBXBuildFile section */
		1DBA85602DD3906F00E2B263 /* SpatialGestures in Frameworks */ = {isa = PBXBuildFile; productRef = 1DBA855F2DD3906F00E2B263 /* SpatialGestures */; };
		1DBA85632DD62F4600E2B263 /* SpatialGestures in Frameworks */ = {isa = PBXBuildFile; productRef = 1DBA85622DD62F4600E2B263 /* SpatialGestures */; };
		1DBA85662DD9BC6E00E2B263 /* SpatialGestures in Frameworks */ = {isa = PBXBuildFile; productRef = 1DBA85652DD9BC6E00E2B263 /* SpatialGestures */; };
		1DBA85692DD9C39C00E2B263 /* SpatialGestures in Frameworks */ = {isa = PBXBuildFile; productRef = 1DBA85682DD9C39C00E2B263 /* SpatialGestures */; };
		1DBA856C2DD9CE4B00E2B263 /* SpatialGestures in Frameworks */ = {isa = PBXBuildFile; productRef = 1DBA856B2DD9CE4B00E2B263 /* SpatialGestures */; };
		1DBA85782DDA070700E2B263 /* SpatialGestures in Frameworks */ = {isa = PBXBuildFile; productRef = 1DBA85772DDA070700E2B263 /* SpatialGestures */; };
		54C799802DBB3CD0001858F4 /* RealityKitContent in Frameworks */ = {isa = PBXBuildFile; productRef = 54C7997F2DBB3CD0001858F4 /* RealityKitContent */; };
/* End PBXBuildFile section */

/* Begin PBXFileReference section */
		54C7997A2DBB3CD0001858F4 /* SpatialGestureDemo.app */ = {isa = PBXFileReference; explicitFileType = wrapper.application; includeInIndex = 0; path = SpatialGestureDemo.app; sourceTree = BUILT_PRODUCTS_DIR; };
		54C7997E2DBB3CD0001858F4 /* RealityKitContent */ = {isa = PBXFileReference; lastKnownFileType = wrapper; path = RealityKitContent; sourceTree = "<group>"; };
/* End PBXFileReference section */

/* Begin PBXFileSystemSynchronizedBuildFileExceptionSet section */
		54C7998E2DBB3CD2001858F4 /* Exceptions for "SpatialGestureDemo" folder in "SpatialGestureDemo" target */ = {
			isa = PBXFileSystemSynchronizedBuildFileExceptionSet;
			membershipExceptions = (
				Info.plist,
			);
			target = 54C799792DBB3CD0001858F4 /* SpatialGestureDemo */;
		};
/* End PBXFileSystemSynchronizedBuildFileExceptionSet section */

/* Begin PBXFileSystemSynchronizedRootGroup section */
		54C7997C2DBB3CD0001858F4 /* SpatialGestureDemo */ = {
			isa = PBXFileSystemSynchronizedRootGroup;
			exceptions = (
				54C7998E2DBB3CD2001858F4 /* Exceptions for "SpatialGestureDemo" folder in "SpatialGestureDemo" target */,
			);
			path = SpatialGestureDemo;
			sourceTree = "<group>";
		};
/* End PBXFileSystemSynchronizedRootGroup section */

/* Begin PBXFrameworksBuildPhase section */
		54C799772DBB3CD0001858F4 /* Frameworks */ = {
			isa = PBXFrameworksBuildPhase;
			buildActionMask = 2147483647;
			files = (
				54C799802DBB3CD0001858F4 /* RealityKitContent in Frameworks */,
				1DBA85782DDA070700E2B263 /* SpatialGestures in Frameworks */,
				1DBA856C2DD9CE4B00E2B263 /* SpatialGestures in Frameworks */,
				1DBA85632DD62F4600E2B263 /* SpatialGestures in Frameworks */,
				1DBA85602DD3906F00E2B263 /* SpatialGestures in Frameworks */,
				1DBA85692DD9C39C00E2B263 /* SpatialGestures in Frameworks */,
				1DBA85662DD9BC6E00E2B263 /* SpatialGestures in Frameworks */,
			);
			runOnlyForDeploymentPostprocessing = 0;
		};
/* End PBXFrameworksBuildPhase section */

/* Begin PBXGroup section */
		54C799712DBB3CD0001858F4 = {
			isa = PBXGroup;
			children = (
				54C7997C2DBB3CD0001858F4 /* SpatialGestureDemo */,
				54C7997D2DBB3CD0001858F4 /* Packages */,
				54C7997B2DBB3CD0001858F4 /* Products */,
			);
			sourceTree = "<group>";
		};
		54C7997B2DBB3CD0001858F4 /* Products */ = {
			isa = PBXGroup;
			children = (
				54C7997A2DBB3CD0001858F4 /* SpatialGestureDemo.app */,
			);
			name = Products;
			sourceTree = "<group>";
		};
		54C7997D2DBB3CD0001858F4 /* Packages */ = {
			isa = PBXGroup;
			children = (
				54C7997E2DBB3CD0001858F4 /* RealityKitContent */,
			);
			path = Packages;
			sourceTree = "<group>";
		};
/* End PBXGroup section */

/* Begin PBXNativeTarget section */
		54C799792DBB3CD0001858F4 /* SpatialGestureDemo */ = {
			isa = PBXNativeTarget;
			buildConfigurationList = 54C7998F2DBB3CD2001858F4 /* Build configuration list for PBXNativeTarget "SpatialGestureDemo" */;
			buildPhases = (
				54C799762DBB3CD0001858F4 /* Sources */,
				54C799772DBB3CD0001858F4 /* Frameworks */,
				54C799782DBB3CD0001858F4 /* Resources */,
			);
			buildRules = (
			);
			dependencies = (
			);
			fileSystemSynchronizedGroups = (
				54C7997C2DBB3CD0001858F4 /* SpatialGestureDemo */,
			);
			name = SpatialGestureDemo;
			packageProductDependencies = (
				54C7997F2DBB3CD0001858F4 /* RealityKitContent */,
				1DBA855F2DD3906F00E2B263 /* SpatialGestures */,
				1DBA85622DD62F4600E2B263 /* SpatialGestures */,
				1DBA85652DD9BC6E00E2B263 /* SpatialGestures */,
				1DBA85682DD9C39C00E2B263 /* SpatialGestures */,
				1DBA856B2DD9CE4B00E2B263 /* SpatialGestures */,
				1DBA85772DDA070700E2B263 /* SpatialGestures */,
			);
			productName = SpatialGestureDemo;
			productReference = 54C7997A2DBB3CD0001858F4 /* SpatialGestureDemo.app */;
			productType = "com.apple.product-type.application";
		};
/* End PBXNativeTarget section */

/* Begin PBXProject section */
		54C799722DBB3CD0001858F4 /* Project object */ = {
			isa = PBXProject;
			attributes = {
				BuildIndependentTargetsInParallel = 1;
				LastSwiftUpdateCheck = 1630;
				LastUpgradeCheck = 1630;
				TargetAttributes = {
					54C799792DBB3CD0001858F4 = {
						CreatedOnToolsVersion = 16.3;
					};
				};
			};
			buildConfigurationList = 54C799752DBB3CD0001858F4 /* Build configuration list for PBXProject "SpatialGestureDemo" */;
			developmentRegion = en;
			hasScannedForEncodings = 0;
			knownRegions = (
				en,
				Base,
			);
			mainGroup = 54C799712DBB3CD0001858F4;
			minimizedProjectReferenceProxies = 1;
			packageReferences = (
				1DBA85762DDA070700E2B263 /* XCRemoteSwiftPackageReference "SpatialGestures" */,
			);
			preferredProjectObjectVersion = 77;
			productRefGroup = 54C7997B2DBB3CD0001858F4 /* Products */;
			projectDirPath = "";
			projectRoot = "";
			targets = (
				54C799792DBB3CD0001858F4 /* SpatialGestureDemo */,
			);
		};
/* End PBXProject section */

/* Begin PBXResourcesBuildPhase section */
		54C799782DBB3CD0001858F4 /* Resources */ = {
			isa = PBXResourcesBuildPhase;
			buildActionMask = 2147483647;
			files = (
			);
			runOnlyForDeploymentPostprocessing = 0;
		};
/* End PBXResourcesBuildPhase section */

/* Begin PBXSourcesBuildPhase section */
		54C799762DBB3CD0001858F4 /* Sources */ = {
			isa = PBXSourcesBuildPhase;
			buildActionMask = 2147483647;
			files = (
			);
			runOnlyForDeploymentPostprocessing = 0;
		};
/* End PBXSourcesBuildPhase section */

/* Begin XCBuildConfiguration section */
		54C799902DBB3CD2001858F4 /* Debug */ = {
			isa = XCBuildConfiguration;
			buildSettings = {
				ASSETCATALOG_COMPILER_APPICON_NAME = AppIcon;
				ASSETCATALOG_COMPILER_GLOBAL_ACCENT_COLOR_NAME = AccentColor;
				CODE_SIGN_STYLE = Automatic;
				CURRENT_PROJECT_VERSION = 1;
				DEVELOPMENT_TEAM = 59B27Q6X5L;
				ENABLE_PREVIEWS = YES;
				GENERATE_INFOPLIST_FILE = YES;
				INFOPLIST_FILE = "$(TARGET_NAME)/Info.plist";
				LD_RUNPATH_SEARCH_PATHS = (
					"$(inherited)",
					"@executable_path/Frameworks",
				);
				MARKETING_VERSION = 1.0;
				PRODUCT_BUNDLE_IDENTIFIER = DarkString.SpatialGestureDemo;
				PRODUCT_NAME = "$(TARGET_NAME)";
				SUPPORTED_PLATFORMS = "xros xrsimulator";
				SWIFT_EMIT_LOC_STRINGS = YES;
				SWIFT_VERSION = 5.0;
				TARGETED_DEVICE_FAMILY = 7;
				XROS_DEPLOYMENT_TARGET = 1.0;
			};
			name = Debug;
		};
		54C799912DBB3CD2001858F4 /* Release */ = {
			isa = XCBuildConfiguration;
			buildSettings = {
				ASSETCATALOG_COMPILER_APPICON_NAME = AppIcon;
				ASSETCATALOG_COMPILER_GLOBAL_ACCENT_COLOR_NAME = AccentColor;
				CODE_SIGN_STYLE = Automatic;
				CURRENT_PROJECT_VERSION = 1;
				DEVELOPMENT_TEAM = 59B27Q6X5L;
				ENABLE_PREVIEWS = YES;
				GENERATE_INFOPLIST_FILE = YES;
				INFOPLIST_FILE = "$(TARGET_NAME)/Info.plist";
				LD_RUNPATH_SEARCH_PATHS = (
					"$(inherited)",
					"@executable_path/Frameworks",
				);
				MARKETING_VERSION = 1.0;
				PRODUCT_BUNDLE_IDENTIFIER = DarkString.SpatialGestureDemo;
				PRODUCT_NAME = "$(TARGET_NAME)";
				SUPPORTED_PLATFORMS = "xros xrsimulator";
				SWIFT_EMIT_LOC_STRINGS = YES;
				SWIFT_VERSION = 5.0;
				TARGETED_DEVICE_FAMILY = 7;
				XROS_DEPLOYMENT_TARGET = 1.0;
			};
			name = Release;
		};
		54C799922DBB3CD2001858F4 /* Debug */ = {
			isa = XCBuildConfiguration;
			buildSettings = {
				ALWAYS_SEARCH_USER_PATHS = NO;
				ASSETCATALOG_COMPILER_GENERATE_SWIFT_ASSET_SYMBOL_EXTENSIONS = YES;
				CLANG_ANALYZER_NONNULL = YES;
				CLANG_ANALYZER_NUMBER_OBJECT_CONVERSION = YES_AGGRESSIVE;
				CLANG_CXX_LANGUAGE_STANDARD = "gnu++20";
				CLANG_ENABLE_MODULES = YES;
				CLANG_ENABLE_OBJC_ARC = YES;
				CLANG_ENABLE_OBJC_WEAK = YES;
				CLANG_WARN_BLOCK_CAPTURE_AUTORELEASING = YES;
				CLANG_WARN_BOOL_CONVERSION = YES;
				CLANG_WARN_COMMA = YES;
				CLANG_WARN_CONSTANT_CONVERSION = YES;
				CLANG_WARN_DEPRECATED_OBJC_IMPLEMENTATIONS = YES;
				CLANG_WARN_DIRECT_OBJC_ISA_USAGE = YES_ERROR;
				CLANG_WARN_DOCUMENTATION_COMMENTS = YES;
				CLANG_WARN_EMPTY_BODY = YES;
				CLANG_WARN_ENUM_CONVERSION = YES;
				CLANG_WARN_INFINITE_RECURSION = YES;
				CLANG_WARN_INT_CONVERSION = YES;
				CLANG_WARN_NON_LITERAL_NULL_CONVERSION = YES;
				CLANG_WARN_OBJC_IMPLICIT_RETAIN_SELF = YES;
				CLANG_WARN_OBJC_LITERAL_CONVERSION = YES;
				CLANG_WARN_OBJC_ROOT_CLASS = YES_ERROR;
				CLANG_WARN_QUOTED_INCLUDE_IN_FRAMEWORK_HEADER = YES;
				CLANG_WARN_RANGE_LOOP_ANALYSIS = YES;
				CLANG_WARN_STRICT_PROTOTYPES = YES;
				CLANG_WARN_SUSPICIOUS_MOVE = YES;
				CLANG_WARN_UNGUARDED_AVAILABILITY = YES_AGGRESSIVE;
				CLANG_WARN_UNREACHABLE_CODE = YES;
				CLANG_WARN__DUPLICATE_METHOD_MATCH = YES;
				COPY_PHASE_STRIP = NO;
				DEBUG_INFORMATION_FORMAT = dwarf;
				DEVELOPMENT_TEAM = 59B27Q6X5L;
				ENABLE_STRICT_OBJC_MSGSEND = YES;
				ENABLE_TESTABILITY = YES;
				ENABLE_USER_SCRIPT_SANDBOXING = YES;
				GCC_C_LANGUAGE_STANDARD = gnu17;
				GCC_DYNAMIC_NO_PIC = NO;
				GCC_NO_COMMON_BLOCKS = YES;
				GCC_OPTIMIZATION_LEVEL = 0;
				GCC_PREPROCESSOR_DEFINITIONS = (
					"DEBUG=1",
					"$(inherited)",
				);
				GCC_WARN_64_TO_32_BIT_CONVERSION = YES;
				GCC_WARN_ABOUT_RETURN_TYPE = YES_ERROR;
				GCC_WARN_UNDECLARED_SELECTOR = YES;
				GCC_WARN_UNINITIALIZED_AUTOS = YES_AGGRESSIVE;
				GCC_WARN_UNUSED_FUNCTION = YES;
				GCC_WARN_UNUSED_VARIABLE = YES;
				LOCALIZATION_PREFERS_STRING_CATALOGS = YES;
				MTL_ENABLE_DEBUG_INFO = INCLUDE_SOURCE;
				MTL_FAST_MATH = YES;
				ONLY_ACTIVE_ARCH = YES;
				SDKROOT = xros;
				SWIFT_ACTIVE_COMPILATION_CONDITIONS = "DEBUG $(inherited)";
				SWIFT_OPTIMIZATION_LEVEL = "-Onone";
				XROS_DEPLOYMENT_TARGET = 2.4;
			};
			name = Debug;
		};
		54C799932DBB3CD2001858F4 /* Release */ = {
			isa = XCBuildConfiguration;
			buildSettings = {
				ALWAYS_SEARCH_USER_PATHS = NO;
				ASSETCATALOG_COMPILER_GENERATE_SWIFT_ASSET_SYMBOL_EXTENSIONS = YES;
				CLANG_ANALYZER_NONNULL = YES;
				CLANG_ANALYZER_NUMBER_OBJECT_CONVERSION = YES_AGGRESSIVE;
				CLANG_CXX_LANGUAGE_STANDARD = "gnu++20";
				CLANG_ENABLE_MODULES = YES;
				CLANG_ENABLE_OBJC_ARC = YES;
				CLANG_ENABLE_OBJC_WEAK = YES;
				CLANG_WARN_BLOCK_CAPTURE_AUTORELEASING = YES;
				CLANG_WARN_BOOL_CONVERSION = YES;
				CLANG_WARN_COMMA = YES;
				CLANG_WARN_CONSTANT_CONVERSION = YES;
				CLANG_WARN_DEPRECATED_OBJC_IMPLEMENTATIONS = YES;
				CLANG_WARN_DIRECT_OBJC_ISA_USAGE = YES_ERROR;
				CLANG_WARN_DOCUMENTATION_COMMENTS = YES;
				CLANG_WARN_EMPTY_BODY = YES;
				CLANG_WARN_ENUM_CONVERSION = YES;
				CLANG_WARN_INFINITE_RECURSION = YES;
				CLANG_WARN_INT_CONVERSION = YES;
				CLANG_WARN_NON_LITERAL_NULL_CONVERSION = YES;
				CLANG_WARN_OBJC_IMPLICIT_RETAIN_SELF = YES;
				CLANG_WARN_OBJC_LITERAL_CONVERSION = YES;
				CLANG_WARN_OBJC_ROOT_CLASS = YES_ERROR;
				CLANG_WARN_QUOTED_INCLUDE_IN_FRAMEWORK_HEADER = YES;
				CLANG_WARN_RANGE_LOOP_ANALYSIS = YES;
				CLANG_WARN_STRICT_PROTOTYPES = YES;
				CLANG_WARN_SUSPICIOUS_MOVE = YES;
				CLANG_WARN_UNGUARDED_AVAILABILITY = YES_AGGRESSIVE;
				CLANG_WARN_UNREACHABLE_CODE = YES;
				CLANG_WARN__DUPLICATE_METHOD_MATCH = YES;
				COPY_PHASE_STRIP = NO;
				DEBUG_INFORMATION_FORMAT = "dwarf-with-dsym";
				DEVELOPMENT_TEAM = 59B27Q6X5L;
				ENABLE_NS_ASSERTIONS = NO;
				ENABLE_STRICT_OBJC_MSGSEND = YES;
				ENABLE_USER_SCRIPT_SANDBOXING = YES;
				GCC_C_LANGUAGE_STANDARD = gnu17;
				GCC_NO_COMMON_BLOCKS = YES;
				GCC_WARN_64_TO_32_BIT_CONVERSION = YES;
				GCC_WARN_ABOUT_RETURN_TYPE = YES_ERROR;
				GCC_WARN_UNDECLARED_SELECTOR = YES;
				GCC_WARN_UNINITIALIZED_AUTOS = YES_AGGRESSIVE;
				GCC_WARN_UNUSED_FUNCTION = YES;
				GCC_WARN_UNUSED_VARIABLE = YES;
				LOCALIZATION_PREFERS_STRING_CATALOGS = YES;
				MTL_ENABLE_DEBUG_INFO = NO;
				MTL_FAST_MATH = YES;
				SDKROOT = xros;
				SWIFT_COMPILATION_MODE = wholemodule;
				VALIDATE_PRODUCT = YES;
				XROS_DEPLOYMENT_TARGET = 2.4;
			};
			name = Release;
		};
/* End XCBuildConfiguration section */

/* Begin XCConfigurationList section */
		54C799752DBB3CD0001858F4 /* Build configuration list for PBXProject "SpatialGestureDemo" */ = {
			isa = XCConfigurationList;
			buildConfigurations = (
				54C799922DBB3CD2001858F4 /* Debug */,
				54C799932DBB3CD2001858F4 /* Release */,
			);
			defaultConfigurationIsVisible = 0;
			defaultConfigurationName = Release;
		};
		54C7998F2DBB3CD2001858F4 /* Build configuration list for PBXNativeTarget "SpatialGestureDemo" */ = {
			isa = XCConfigurationList;
			buildConfigurations = (
				54C799902DBB3CD2001858F4 /* Debug */,
				54C799912DBB3CD2001858F4 /* Release */,
			);
			defaultConfigurationIsVisible = 0;
			defaultConfigurationName = Release;
		};
/* End XCConfigurationList section */

/* Begin XCRemoteSwiftPackageReference section */
		1DBA85762DDA070700E2B263 /* XCRemoteSwiftPackageReference "SpatialGestures" */ = {
			isa = XCRemoteSwiftPackageReference;
			repositoryURL = "https://github.com/lazygunner/SpatialGestures";
			requirement = {
				branch = main;
				kind = branch;
			};
		};
/* End XCRemoteSwiftPackageReference section */

/* Begin XCSwiftPackageProductDependency section */
		1DBA855F2DD3906F00E2B263 /* SpatialGestures */ = {
			isa = XCSwiftPackageProductDependency;
			productName = SpatialGestures;
		};
		1DBA85622DD62F4600E2B263 /* SpatialGestures */ = {
			isa = XCSwiftPackageProductDependency;
			productName = SpatialGestures;
		};
		1DBA85652DD9BC6E00E2B263 /* SpatialGestures */ = {
			isa = XCSwiftPackageProductDependency;
			productName = SpatialGestures;
		};
		1DBA85682DD9C39C00E2B263 /* SpatialGestures */ = {
			isa = XCSwiftPackageProductDependency;
			productName = SpatialGestures;
		};
		1DBA856B2DD9CE4B00E2B263 /* SpatialGestures */ = {
			isa = XCSwiftPackageProductDependency;
			productName = SpatialGestures;
		};
		1DBA85772DDA070700E2B263 /* SpatialGestures */ = {
			isa = XCSwiftPackageProductDependency;
			package = 1DBA85762DDA070700E2B263 /* XCRemoteSwiftPackageReference "SpatialGestures" */;
			productName = SpatialGestures;
		};
		54C7997F2DBB3CD0001858F4 /* RealityKitContent */ = {
			isa = XCSwiftPackageProductDependency;
			productName = RealityKitContent;
		};
/* End XCSwiftPackageProductDependency section */
	};
	rootObject = 54C799722DBB3CD0001858F4 /* Project object */;
}
